// !$*UTF8*$!
{
	archiveVersion = 1;
	classes = {
	};
	objectVersion = 56;
	objects = {

/* Begin PBXBuildFile section */
		8D949FFB2B211BEB00A2D6EF /* AppDelegate.swift in Sources */ = {isa = PBXBuildFile; fileRef = 8D949FFA2B211BEB00A2D6EF /* AppDelegate.swift */; };
		8D949FFD2B211BEB00A2D6EF /* SceneDelegate.swift in Sources */ = {isa = PBXBuildFile; fileRef = 8D949FFC2B211BEB00A2D6EF /* SceneDelegate.swift */; };
		8D949FFF2B211BEB00A2D6EF /* HomeScreen.swift in Sources */ = {isa = PBXBuildFile; fileRef = 8D949FFE2B211BEB00A2D6EF /* HomeScreen.swift */; };
		8D94A0042B211BED00A2D6EF /* Assets.xcassets in Resources */ = {isa = PBXBuildFile; fileRef = 8D94A0032B211BED00A2D6EF /* Assets.xcassets */; };
		8D94A0072B211BED00A2D6EF /* LaunchScreen.storyboard in Resources */ = {isa = PBXBuildFile; fileRef = 8D94A0052B211BED00A2D6EF /* LaunchScreen.storyboard */; };
		8D94A0122B236C6E00A2D6EF /* HomeViewModel.swift in Sources */ = {isa = PBXBuildFile; fileRef = 8D94A0112B236C6E00A2D6EF /* HomeViewModel.swift */; };
		8D94A0152B23709600A2D6EF /* UIColor+Ext.swift in Sources */ = {isa = PBXBuildFile; fileRef = 8D94A0142B23709600A2D6EF /* UIColor+Ext.swift */; };
/* End PBXBuildFile section */

/* Begin PBXFileReference section */
		8D949FF72B211BEB00A2D6EF /* Special Days.app */ = {isa = PBXFileReference; explicitFileType = wrapper.application; includeInIndex = 0; path = "Special Days.app"; sourceTree = BUILT_PRODUCTS_DIR; };
		8D949FFA2B211BEB00A2D6EF /* AppDelegate.swift */ = {isa = PBXFileReference; lastKnownFileType = sourcecode.swift; path = AppDelegate.swift; sourceTree = "<group>"; };
		8D949FFC2B211BEB00A2D6EF /* SceneDelegate.swift */ = {isa = PBXFileReference; lastKnownFileType = sourcecode.swift; path = SceneDelegate.swift; sourceTree = "<group>"; };
		8D949FFE2B211BEB00A2D6EF /* HomeScreen.swift */ = {isa = PBXFileReference; lastKnownFileType = sourcecode.swift; path = HomeScreen.swift; sourceTree = "<group>"; };
		8D94A0032B211BED00A2D6EF /* Assets.xcassets */ = {isa = PBXFileReference; lastKnownFileType = folder.assetcatalog; path = Assets.xcassets; sourceTree = "<group>"; };
		8D94A0062B211BED00A2D6EF /* Base */ = {isa = PBXFileReference; lastKnownFileType = file.storyboard; name = Base; path = Base.lproj/LaunchScreen.storyboard; sourceTree = "<group>"; };
		8D94A0082B211BED00A2D6EF /* Info.plist */ = {isa = PBXFileReference; lastKnownFileType = text.plist.xml; path = Info.plist; sourceTree = "<group>"; };
		8D94A0112B236C6E00A2D6EF /* HomeViewModel.swift */ = {isa = PBXFileReference; lastKnownFileType = sourcecode.swift; path = HomeViewModel.swift; sourceTree = "<group>"; };
		8D94A0142B23709600A2D6EF /* UIColor+Ext.swift */ = {isa = PBXFileReference; lastKnownFileType = sourcecode.swift; path = "UIColor+Ext.swift"; sourceTree = "<group>"; };
/* End PBXFileReference section */

/* Begin PBXFrameworksBuildPhase section */
		8D949FF42B211BEB00A2D6EF /* Frameworks */ = {
			isa = PBXFrameworksBuildPhase;
			buildActionMask = 2147483647;
			files = (
			);
			runOnlyForDeploymentPostprocessing = 0;
		};
/* End PBXFrameworksBuildPhase section */

/* Begin PBXGroup section */
		8D949FEE2B211BEB00A2D6EF = {
			isa = PBXGroup;
			children = (
				8D949FF92B211BEB00A2D6EF /* Special Days */,
				8D949FF82B211BEB00A2D6EF /* Products */,
			);
			sourceTree = "<group>";
		};
		8D949FF82B211BEB00A2D6EF /* Products */ = {
			isa = PBXGroup;
			children = (
				8D949FF72B211BEB00A2D6EF /* Special Days.app */,
			);
			name = Products;
			sourceTree = "<group>";
		};
		8D949FF92B211BEB00A2D6EF /* Special Days */ = {
			isa = PBXGroup;
			children = (
				8D94A0132B23708500A2D6EF /* Extensions */,
				8D94A0102B236C4C00A2D6EF /* View */,
				8D94A00F2B236C4600A2D6EF /* ViewModel */,
				8D94A00E2B211CA500A2D6EF /* Supporting */,
				8D94A0082B211BED00A2D6EF /* Info.plist */,
			);
			path = "Special Days";
			sourceTree = "<group>";
		};
		8D94A00E2B211CA500A2D6EF /* Supporting */ = {
			isa = PBXGroup;
			children = (
				8D94A0052B211BED00A2D6EF /* LaunchScreen.storyboard */,
				8D949FFC2B211BEB00A2D6EF /* SceneDelegate.swift */,
				8D94A0032B211BED00A2D6EF /* Assets.xcassets */,
				8D949FFA2B211BEB00A2D6EF /* AppDelegate.swift */,
			);
			path = Supporting;
			sourceTree = "<group>";
		};
		8D94A00F2B236C4600A2D6EF /* ViewModel */ = {
			isa = PBXGroup;
			children = (
				8D94A0112B236C6E00A2D6EF /* HomeViewModel.swift */,
			);
			path = ViewModel;
			sourceTree = "<group>";
		};
		8D94A0102B236C4C00A2D6EF /* View */ = {
			isa = PBXGroup;
			children = (
				8D949FFE2B211BEB00A2D6EF /* HomeScreen.swift */,
			);
			path = View;
			sourceTree = "<group>";
		};
		8D94A0132B23708500A2D6EF /* Extensions */ = {
			isa = PBXGroup;
			children = (
				8D94A0142B23709600A2D6EF /* UIColor+Ext.swift */,
			);
			path = Extensions;
			sourceTree = "<group>";
		};
/* End PBXGroup section */

/* Begin PBXNativeTarget section */
		8D949FF62B211BEB00A2D6EF /* Special Days */ = {
			isa = PBXNativeTarget;
			buildConfigurationList = 8D94A00B2B211BED00A2D6EF /* Build configuration list for PBXNativeTarget "Special Days" */;
			buildPhases = (
				8D949FF32B211BEB00A2D6EF /* Sources */,
				8D949FF42B211BEB00A2D6EF /* Frameworks */,
				8D949FF52B211BEB00A2D6EF /* Resources */,
			);
			buildRules = (
			);
			dependencies = (
			);
			name = "Special Days";
			productName = "Special Days";
			productReference = 8D949FF72B211BEB00A2D6EF /* Special Days.app */;
			productType = "com.apple.product-type.application";
		};
/* End PBXNativeTarget section */

/* Begin PBXProject section */
		8D949FEF2B211BEB00A2D6EF /* Project object */ = {
			isa = PBXProject;
			attributes = {
				BuildIndependentTargetsInParallel = 1;
				LastSwiftUpdateCheck = 1500;
				LastUpgradeCheck = 1500;
				TargetAttributes = {
					8D949FF62B211BEB00A2D6EF = {
						CreatedOnToolsVersion = 15.0.1;
					};
				};
			};
			buildConfigurationList = 8D949FF22B211BEB00A2D6EF /* Build configuration list for PBXProject "Special Days" */;
			compatibilityVersion = "Xcode 14.0";
			developmentRegion = en;
			hasScannedForEncodings = 0;
			knownRegions = (
				en,
				Base,
			);
			mainGroup = 8D949FEE2B211BEB00A2D6EF;
			productRefGroup = 8D949FF82B211BEB00A2D6EF /* Products */;
			projectDirPath = "";
			projectRoot = "";
			targets = (
				8D949FF62B211BEB00A2D6EF /* Special Days */,
			);
		};
/* End PBXProject section */

/* Begin PBXResourcesBuildPhase section */
		8D949FF52B211BEB00A2D6EF /* Resources */ = {
			isa = PBXResourcesBuildPhase;
			buildActionMask = 2147483647;
			files = (
				8D94A0072B211BED00A2D6EF /* LaunchScreen.storyboard in Resources */,
				8D94A0042B211BED00A2D6EF /* Assets.xcassets in Resources */,
			);
			runOnlyForDeploymentPostprocessing = 0;
		};
/* End PBXResourcesBuildPhase section */

/* Begin PBXSourcesBuildPhase section */
		8D949FF32B211BEB00A2D6EF /* Sources */ = {
			isa = PBXSourcesBuildPhase;
			buildActionMask = 2147483647;
			files = (
				8D949FFF2B211BEB00A2D6EF /* HomeScreen.swift in Sources */,
				8D94A0122B236C6E00A2D6EF /* HomeViewModel.swift in Sources */,
				8D94A0152B23709600A2D6EF /* UIColor+Ext.swift in Sources */,
				8D949FFB2B211BEB00A2D6EF /* AppDelegate.swift in Sources */,
				8D949FFD2B211BEB00A2D6EF /* SceneDelegate.swift in Sources */,
			);
			runOnlyForDeploymentPostprocessing = 0;
		};
/* End PBXSourcesBuildPhase section */

/* Begin PBXVariantGroup section */
		8D94A0052B211BED00A2D6EF /* LaunchScreen.storyboard */ = {
			isa = PBXVariantGroup;
			children = (
				8D94A0062B211BED00A2D6EF /* Base */,
			);
			name = LaunchScreen.storyboard;
			sourceTree = "<group>";
		};
/* End PBXVariantGroup section */

/* Begin XCBuildConfiguration section */
		8D94A0092B211BED00A2D6EF /* Debug */ = {
			isa = XCBuildConfiguration;
			buildSettings = {
				ALWAYS_SEARCH_USER_PATHS = NO;
				ASSETCATALOG_COMPILER_GENERATE_SWIFT_ASSET_SYMBOL_EXTENSIONS = YES;
				CLANG_ANALYZER_NONNULL = YES;
				CLANG_ANALYZER_NUMBER_OBJECT_CONVERSION = YES_AGGRESSIVE;
				CLANG_CXX_LANGUAGE_STANDARD = "gnu++20";
				CLANG_ENABLE_MODULES = YES;
				CLANG_ENABLE_OBJC_ARC = YES;
				CLANG_ENABLE_OBJC_WEAK = YES;
				CLANG_WARN_BLOCK_CAPTURE_AUTORELEASING = YES;
				CLANG_WARN_BOOL_CONVERSION = YES;
				CLANG_WARN_COMMA = YES;
				CLANG_WARN_CONSTANT_CONVERSION = YES;
				CLANG_WARN_DEPRECATED_OBJC_IMPLEMENTATIONS = YES;
				CLANG_WARN_DIRECT_OBJC_ISA_USAGE = YES_ERROR;
				CLANG_WARN_DOCUMENTATION_COMMENTS = YES;
				CLANG_WARN_EMPTY_BODY = YES;
				CLANG_WARN_ENUM_CONVERSION = YES;
				CLANG_WARN_INFINITE_RECURSION = YES;
				CLANG_WARN_INT_CONVERSION = YES;
				CLANG_WARN_NON_LITERAL_NULL_CONVERSION = YES;
				CLANG_WARN_OBJC_IMPLICIT_RETAIN_SELF = YES;
				CLANG_WARN_OBJC_LITERAL_CONVERSION = YES;
				CLANG_WARN_OBJC_ROOT_CLASS = YES_ERROR;
				CLANG_WARN_QUOTED_INCLUDE_IN_FRAMEWORK_HEADER = YES;
				CLANG_WARN_RANGE_LOOP_ANALYSIS = YES;
				CLANG_WARN_STRICT_PROTOTYPES = YES;
				CLANG_WARN_SUSPICIOUS_MOVE = YES;
				CLANG_WARN_UNGUARDED_AVAILABILITY = YES_AGGRESSIVE;
				CLANG_WARN_UNREACHABLE_CODE = YES;
				CLANG_WARN__DUPLICATE_METHOD_MATCH = YES;
				COPY_PHASE_STRIP = NO;
				DEBUG_INFORMATION_FORMAT = dwarf;
				ENABLE_STRICT_OBJC_MSGSEND = YES;
				ENABLE_TESTABILITY = YES;
				ENABLE_USER_SCRIPT_SANDBOXING = YES;
				GCC_C_LANGUAGE_STANDARD = gnu17;
				GCC_DYNAMIC_NO_PIC = NO;
				GCC_NO_COMMON_BLOCKS = YES;
				GCC_OPTIMIZATION_LEVEL = 0;
				GCC_PREPROCESSOR_DEFINITIONS = (
					"DEBUG=1",
					"$(inherited)",
				);
				GCC_WARN_64_TO_32_BIT_CONVERSION = YES;
				GCC_WARN_ABOUT_RETURN_TYPE = YES_ERROR;
				GCC_WARN_UNDECLARED_SELECTOR = YES;
				GCC_WARN_UNINITIALIZED_AUTOS = YES_AGGRESSIVE;
				GCC_WARN_UNUSED_FUNCTION = YES;
				GCC_WARN_UNUSED_VARIABLE = YES;
				IPHONEOS_DEPLOYMENT_TARGET = 17.0;
				LOCALIZATION_PREFERS_STRING_CATALOGS = YES;
				MTL_ENABLE_DEBUG_INFO = INCLUDE_SOURCE;
				MTL_FAST_MATH = YES;
				ONLY_ACTIVE_ARCH = YES;
				SDKROOT = iphoneos;
				SWIFT_ACTIVE_COMPILATION_CONDITIONS = "DEBUG $(inherited)";
				SWIFT_OPTIMIZATION_LEVEL = "-Onone";
			};
			name = Debug;
		};
		8D94A00A2B211BED00A2D6EF /* Release */ = {
			isa = XCBuildConfiguration;
			buildSettings = {
				ALWAYS_SEARCH_USER_PATHS = NO;
				ASSETCATALOG_COMPILER_GENERATE_SWIFT_ASSET_SYMBOL_EXTENSIONS = YES;
				CLANG_ANALYZER_NONNULL = YES;
				CLANG_ANALYZER_NUMBER_OBJECT_CONVERSION = YES_AGGRESSIVE;
				CLANG_CXX_LANGUAGE_STANDARD = "gnu++20";
				CLANG_ENABLE_MODULES = YES;
				CLANG_ENABLE_OBJC_ARC = YES;
				CLANG_ENABLE_OBJC_WEAK = YES;
				CLANG_WARN_BLOCK_CAPTURE_AUTORELEASING = YES;
				CLANG_WARN_BOOL_CONVERSION = YES;
				CLANG_WARN_COMMA = YES;
				CLANG_WARN_CONSTANT_CONVERSION = YES;
				CLANG_WARN_DEPRECATED_OBJC_IMPLEMENTATIONS = YES;
				CLANG_WARN_DIRECT_OBJC_ISA_USAGE = YES_ERROR;
				CLANG_WARN_DOCUMENTATION_COMMENTS = YES;
				CLANG_WARN_EMPTY_BODY = YES;
				CLANG_WARN_ENUM_CONVERSION = YES;
				CLANG_WARN_INFINITE_RECURSION = YES;
				CLANG_WARN_INT_CONVERSION = YES;
				CLANG_WARN_NON_LITERAL_NULL_CONVERSION = YES;
				CLANG_WARN_OBJC_IMPLICIT_RETAIN_SELF = YES;
				CLANG_WARN_OBJC_LITERAL_CONVERSION = YES;
				CLANG_WARN_OBJC_ROOT_CLASS = YES_ERROR;
				CLANG_WARN_QUOTED_INCLUDE_IN_FRAMEWORK_HEADER = YES;
				CLANG_WARN_RANGE_LOOP_ANALYSIS = YES;
				CLANG_WARN_STRICT_PROTOTYPES = YES;
				CLANG_WARN_SUSPICIOUS_MOVE = YES;
				CLANG_WARN_UNGUARDED_AVAILABILITY = YES_AGGRESSIVE;
				CLANG_WARN_UNREACHABLE_CODE = YES;
				CLANG_WARN__DUPLICATE_METHOD_MATCH = YES;
				COPY_PHASE_STRIP = NO;
				DEBUG_INFORMATION_FORMAT = "dwarf-with-dsym";
				ENABLE_NS_ASSERTIONS = NO;
				ENABLE_STRICT_OBJC_MSGSEND = YES;
				ENABLE_USER_SCRIPT_SANDBOXING = YES;
				GCC_C_LANGUAGE_STANDARD = gnu17;
				GCC_NO_COMMON_BLOCKS = YES;
				GCC_WARN_64_TO_32_BIT_CONVERSION = YES;
				GCC_WARN_ABOUT_RETURN_TYPE = YES_ERROR;
				GCC_WARN_UNDECLARED_SELECTOR = YES;
				GCC_WARN_UNINITIALIZED_AUTOS = YES_AGGRESSIVE;
				GCC_WARN_UNUSED_FUNCTION = YES;
				GCC_WARN_UNUSED_VARIABLE = YES;
				IPHONEOS_DEPLOYMENT_TARGET = 17.0;
				LOCALIZATION_PREFERS_STRING_CATALOGS = YES;
				MTL_ENABLE_DEBUG_INFO = NO;
				MTL_FAST_MATH = YES;
				SDKROOT = iphoneos;
				SWIFT_COMPILATION_MODE = wholemodule;
				VALIDATE_PRODUCT = YES;
			};
			name = Release;
		};
		8D94A00C2B211BED00A2D6EF /* Debug */ = {
			isa = XCBuildConfiguration;
			buildSettings = {
				ASSETCATALOG_COMPILER_APPICON_NAME = AppIcon;
				ASSETCATALOG_COMPILER_GLOBAL_ACCENT_COLOR_NAME = AccentColor;
				CODE_SIGN_STYLE = Automatic;
				CURRENT_PROJECT_VERSION = 1;
				DEVELOPMENT_TEAM = YM66DH2MW6;
				GENERATE_INFOPLIST_FILE = YES;
				INFOPLIST_FILE = "Special Days/Info.plist";
				INFOPLIST_KEY_UIApplicationSupportsIndirectInputEvents = YES;
				INFOPLIST_KEY_UILaunchStoryboardName = LaunchScreen;
				INFOPLIST_KEY_UIMainStoryboardFile = "";
				INFOPLIST_KEY_UISupportedInterfaceOrientations = UIInterfaceOrientationPortrait;
				IPHONEOS_DEPLOYMENT_TARGET = 15.0;
				LD_RUNPATH_SEARCH_PATHS = (
					"$(inherited)",
					"@executable_path/Frameworks",
				);
				MARKETING_VERSION = 1.0;
				PRODUCT_BUNDLE_IDENTIFIER = "com.sukrusimsek.Special-Days";
				PRODUCT_NAME = "$(TARGET_NAME)";
				SUPPORTED_PLATFORMS = "iphoneos iphonesimulator";
				SUPPORTS_MACCATALYST = NO;
				SUPPORTS_MAC_DESIGNED_FOR_IPHONE_IPAD = NO;
				SWIFT_EMIT_LOC_STRINGS = YES;
				SWIFT_VERSION = 5.0;
				TARGETED_DEVICE_FAMILY = 1;
			};
			name = Debug;
		};
		8D94A00D2B211BED00A2D6EF /* Release */ = {
			isa = XCBuildConfiguration;
			buildSettings = {
				ASSETCATALOG_COMPILER_APPICON_NAME = AppIcon;
				ASSETCATALOG_COMPILER_GLOBAL_ACCENT_COLOR_NAME = AccentColor;
				CODE_SIGN_STYLE = Automatic;
				CURRENT_PROJECT_VERSION = 1;
				DEVELOPMENT_TEAM = YM66DH2MW6;
				GENERATE_INFOPLIST_FILE = YES;
				INFOPLIST_FILE = "Special Days/Info.plist";
				INFOPLIST_KEY_UIApplicationSupportsIndirectInputEvents = YES;
				INFOPLIST_KEY_UILaunchStoryboardName = LaunchScreen;
				INFOPLIST_KEY_UIMainStoryboardFile = "";
				INFOPLIST_KEY_UISupportedInterfaceOrientations = UIInterfaceOrientationPortrait;
				IPHONEOS_DEPLOYMENT_TARGET = 15.0;
				LD_RUNPATH_SEARCH_PATHS = (
					"$(inherited)",
					"@executable_path/Frameworks",
				);
				MARKETING_VERSION = 1.0;
				PRODUCT_BUNDLE_IDENTIFIER = "com.sukrusimsek.Special-Days";
				PRODUCT_NAME = "$(TARGET_NAME)";
				SUPPORTED_PLATFORMS = "iphoneos iphonesimulator";
				SUPPORTS_MACCATALYST = NO;
				SUPPORTS_MAC_DESIGNED_FOR_IPHONE_IPAD = NO;
				SWIFT_EMIT_LOC_STRINGS = YES;
				SWIFT_VERSION = 5.0;
				TARGETED_DEVICE_FAMILY = 1;
			};
			name = Release;
		};
/* End XCBuildConfiguration section */

/* Begin XCConfigurationList section */
		8D949FF22B211BEB00A2D6EF /* Build configuration list for PBXProject "Special Days" */ = {
			isa = XCConfigurationList;
			buildConfigurations = (
				8D94A0092B211BED00A2D6EF /* Debug */,
				8D94A00A2B211BED00A2D6EF /* Release */,
			);
			defaultConfigurationIsVisible = 0;
			defaultConfigurationName = Release;
		};
		8D94A00B2B211BED00A2D6EF /* Build configuration list for PBXNativeTarget "Special Days" */ = {
			isa = XCConfigurationList;
			buildConfigurations = (
				8D94A00C2B211BED00A2D6EF /* Debug */,
				8D94A00D2B211BED00A2D6EF /* Release */,
			);
			defaultConfigurationIsVisible = 0;
			defaultConfigurationName = Release;
		};
/* End XCConfigurationList section */
	};
	rootObject = 8D949FEF2B211BEB00A2D6EF /* Project object */;
}
